
Microsoft Visual Studio Solution File, Format Version 12.00
# Visual Studio 2017
Project("{FAE04EC0-301F-11D3-BF4B-00C04F79EFBC}") = "TestAssetBundle", "TestAssetBundle.csproj", "{C9A897DD-6027-5958-0849-3128F3BA7AE8}"
EndProject
Project("{FAE04EC0-301F-11D3-BF4B-00C04F79EFBC}") = "TestAssetBundle.Editor", "TestAssetBundle.Editor.csproj", "{6FEE5C31-46AD-2A7B-F5F7-4B6E031A679F}"
EndProject
Global
	GlobalSection(SolutionConfigurationPlatforms) = preSolution
		Debug|Any CPU = Debug|Any CPU
		Release|Any CPU = Release|Any CPU
	EndGlobalSection
	GlobalSection(ProjectConfigurationPlatforms) = postSolution
		{C9A897DD-6027-5958-0849-3128F3BA7AE8}.Debug|Any CPU.ActiveCfg = Debug|Any CPU
		{C9A897DD-6027-5958-0849-3128F3BA7AE8}.Debug|Any CPU.Build.0 = Debug|Any CPU
		{C9A897DD-6027-5958-0849-3128F3BA7AE8}.Release|Any CPU.ActiveCfg = Release|Any CPU
		{C9A897DD-6027-5958-0849-3128F3BA7AE8}.Release|Any CPU.Build.0 = Release|Any CPU
		{6FEE5C31-46AD-2A7B-F5F7-4B6E031A679F}.Debug|Any CPU.ActiveCfg = Debug|Any CPU
		{6FEE5C31-46AD-2A7B-F5F7-4B6E031A679F}.Debug|Any CPU.Build.0 = Debug|Any CPU
		{6FEE5C31-46AD-2A7B-F5F7-4B6E031A679F}.Release|Any CPU.ActiveCfg = Release|Any CPU
		{6FEE5C31-46AD-2A7B-F5F7-4B6E031A679F}.Release|Any CPU.Build.0 = Release|Any CPU
	EndGlobalSection
	GlobalSection(SolutionProperties) = preSolution
		HideSolutionNode = FALSE
	EndGlobalSection
EndGlobal
